// !$*UTF8*$!
{
	archiveVersion = 1;
	classes = {
	};
	objectVersion = 50;
	objects = {

/* Begin PBXBuildFile section */
		C5BD2E182220E126008AEB23 /* AppDelegate.swift in Sources */ = {isa = PBXBuildFile; fileRef = C5BD2E172220E126008AEB23 /* AppDelegate.swift */; };
		C5BD2E1A2220E126008AEB23 /* ViewController.swift in Sources */ = {isa = PBXBuildFile; fileRef = C5BD2E192220E126008AEB23 /* ViewController.swift */; };
		C5BD2E1D2220E126008AEB23 /* Main.storyboard in Resources */ = {isa = PBXBuildFile; fileRef = C5BD2E1B2220E126008AEB23 /* Main.storyboard */; };
		C5BD2E1F2220E127008AEB23 /* Assets.xcassets in Resources */ = {isa = PBXBuildFile; fileRef = C5BD2E1E2220E127008AEB23 /* Assets.xcassets */; };
		C5BD2E222220E127008AEB23 /* LaunchScreen.storyboard in Resources */ = {isa = PBXBuildFile; fileRef = C5BD2E202220E127008AEB23 /* LaunchScreen.storyboard */; };
		C5BD2E2D2220E127008AEB23 /* WebViewTestTests.swift in Sources */ = {isa = PBXBuildFile; fileRef = C5BD2E2C2220E127008AEB23 /* WebViewTestTests.swift */; };
		C5BD2E382220E128008AEB23 /* WebViewTestUITests.swift in Sources */ = {isa = PBXBuildFile; fileRef = C5BD2E372220E128008AEB23 /* WebViewTestUITests.swift */; };
/* End PBXBuildFile section */

/* Begin PBXContainerItemProxy section */
		C5BD2E292220E127008AEB23 /* PBXContainerItemProxy */ = {
			isa = PBXContainerItemProxy;
			containerPortal = C5BD2E0C2220E126008AEB23 /* Project object */;
			proxyType = 1;
			remoteGlobalIDString = C5BD2E132220E126008AEB23;
			remoteInfo = WebViewTest;
		};
		C5BD2E342220E128008AEB23 /* PBXContainerItemProxy */ = {
			isa = PBXContainerItemProxy;
			containerPortal = C5BD2E0C2220E126008AEB23 /* Project object */;
			proxyType = 1;
			remoteGlobalIDString = C5BD2E132220E126008AEB23;
			remoteInfo = WebViewTest;
		};
/* End PBXContainerItemProxy section */

/* Begin PBXFileReference section */
		C5BD2E142220E126008AEB23 /* WebViewTest.app */ = {isa = PBXFileReference; explicitFileType = wrapper.application; includeInIndex = 0; path = WebViewTest.app; sourceTree = BUILT_PRODUCTS_DIR; };
		C5BD2E172220E126008AEB23 /* AppDelegate.swift */ = {isa = PBXFileReference; lastKnownFileType = sourcecode.swift; path = AppDelegate.swift; sourceTree = "<group>"; };
		C5BD2E192220E126008AEB23 /* ViewController.swift */ = {isa = PBXFileReference; lastKnownFileType = sourcecode.swift; path = ViewController.swift; sourceTree = "<group>"; };
		C5BD2E1C2220E126008AEB23 /* Base */ = {isa = PBXFileReference; lastKnownFileType = file.storyboard; name = Base; path = Base.lproj/Main.storyboard; sourceTree = "<group>"; };
		C5BD2E1E2220E127008AEB23 /* Assets.xcassets */ = {isa = PBXFileReference; lastKnownFileType = folder.assetcatalog; path = Assets.xcassets; sourceTree = "<group>"; };
		C5BD2E212220E127008AEB23 /* Base */ = {isa = PBXFileReference; lastKnownFileType = file.storyboard; name = Base; path = Base.lproj/LaunchScreen.storyboard; sourceTree = "<group>"; };
		C5BD2E232220E127008AEB23 /* Info.plist */ = {isa = PBXFileReference; lastKnownFileType = text.plist.xml; path = Info.plist; sourceTree = "<group>"; };
		C5BD2E282220E127008AEB23 /* WebViewTestTests.xctest */ = {isa = PBXFileReference; explicitFileType = wrapper.cfbundle; includeInIndex = 0; path = WebViewTestTests.xctest; sourceTree = BUILT_PRODUCTS_DIR; };
		C5BD2E2C2220E127008AEB23 /* WebViewTestTests.swift */ = {isa = PBXFileReference; lastKnownFileType = sourcecode.swift; path = WebViewTestTests.swift; sourceTree = "<group>"; };
		C5BD2E2E2220E127008AEB23 /* Info.plist */ = {isa = PBXFileReference; lastKnownFileType = text.plist.xml; path = Info.plist; sourceTree = "<group>"; };
		C5BD2E332220E128008AEB23 /* WebViewTestUITests.xctest */ = {isa = PBXFileReference; explicitFileType = wrapper.cfbundle; includeInIndex = 0; path = WebViewTestUITests.xctest; sourceTree = BUILT_PRODUCTS_DIR; };
		C5BD2E372220E128008AEB23 /* WebViewTestUITests.swift */ = {isa = PBXFileReference; lastKnownFileType = sourcecode.swift; path = WebViewTestUITests.swift; sourceTree = "<group>"; };
		C5BD2E392220E128008AEB23 /* Info.plist */ = {isa = PBXFileReference; lastKnownFileType = text.plist.xml; path = Info.plist; sourceTree = "<group>"; };
/* End PBXFileReference section */

/* Begin PBXFrameworksBuildPhase section */
		C5BD2E112220E126008AEB23 /* Frameworks */ = {
			isa = PBXFrameworksBuildPhase;
			buildActionMask = 2147483647;
			files = (
			);
			runOnlyForDeploymentPostprocessing = 0;
		};
		C5BD2E252220E127008AEB23 /* Frameworks */ = {
			isa = PBXFrameworksBuildPhase;
			buildActionMask = 2147483647;
			files = (
			);
			runOnlyForDeploymentPostprocessing = 0;
		};
		C5BD2E302220E128008AEB23 /* Frameworks */ = {
			isa = PBXFrameworksBuildPhase;
			buildActionMask = 2147483647;
			files = (
			);
			runOnlyForDeploymentPostprocessing = 0;
		};
/* End PBXFrameworksBuildPhase section */

/* Begin PBXGroup section */
		C5BD2E0B2220E126008AEB23 = {
			isa = PBXGroup;
			children = (
				C5BD2E162220E126008AEB23 /* WebViewTest */,
				C5BD2E2B2220E127008AEB23 /* WebViewTestTests */,
				C5BD2E362220E128008AEB23 /* WebViewTestUITests */,
				C5BD2E152220E126008AEB23 /* Products */,
			);
			sourceTree = "<group>";
		};
		C5BD2E152220E126008AEB23 /* Products */ = {
			isa = PBXGroup;
			children = (
				C5BD2E142220E126008AEB23 /* WebViewTest.app */,
				C5BD2E282220E127008AEB23 /* WebViewTestTests.xctest */,
				C5BD2E332220E128008AEB23 /* WebViewTestUITests.xctest */,
			);
			name = Products;
			sourceTree = "<group>";
		};
		C5BD2E162220E126008AEB23 /* WebViewTest */ = {
			isa = PBXGroup;
			children = (
				C5BD2E172220E126008AEB23 /* AppDelegate.swift */,
				C5BD2E192220E126008AEB23 /* ViewController.swift */,
				C5BD2E1B2220E126008AEB23 /* Main.storyboard */,
				C5BD2E1E2220E127008AEB23 /* Assets.xcassets */,
				C5BD2E202220E127008AEB23 /* LaunchScreen.storyboard */,
				C5BD2E232220E127008AEB23 /* Info.plist */,
			);
			path = WebViewTest;
			sourceTree = "<group>";
		};
		C5BD2E2B2220E127008AEB23 /* WebViewTestTests */ = {
			isa = PBXGroup;
			children = (
				C5BD2E2C2220E127008AEB23 /* WebViewTestTests.swift */,
				C5BD2E2E2220E127008AEB23 /* Info.plist */,
			);
			path = WebViewTestTests;
			sourceTree = "<group>";
		};
		C5BD2E362220E128008AEB23 /* WebViewTestUITests */ = {
			isa = PBXGroup;
			children = (
				C5BD2E372220E128008AEB23 /* WebViewTestUITests.swift */,
				C5BD2E392220E128008AEB23 /* Info.plist */,
			);
			path = WebViewTestUITests;
			sourceTree = "<group>";
		};
/* End PBXGroup section */

/* Begin PBXNativeTarget section */
		C5BD2E132220E126008AEB23 /* WebViewTest */ = {
			isa = PBXNativeTarget;
			buildConfigurationList = C5BD2E3C2220E128008AEB23 /* Build configuration list for PBXNativeTarget "WebViewTest" */;
			buildPhases = (
				C5BD2E102220E126008AEB23 /* Sources */,
				C5BD2E112220E126008AEB23 /* Frameworks */,
				C5BD2E122220E126008AEB23 /* Resources */,
			);
			buildRules = (
			);
			dependencies = (
			);
			name = WebViewTest;
			productName = WebViewTest;
			productReference = C5BD2E142220E126008AEB23 /* WebViewTest.app */;
			productType = "com.apple.product-type.application";
		};
		C5BD2E272220E127008AEB23 /* WebViewTestTests */ = {
			isa = PBXNativeTarget;
			buildConfigurationList = C5BD2E3F2220E128008AEB23 /* Build configuration list for PBXNativeTarget "WebViewTestTests" */;
			buildPhases = (
				C5BD2E242220E127008AEB23 /* Sources */,
				C5BD2E252220E127008AEB23 /* Frameworks */,
				C5BD2E262220E127008AEB23 /* Resources */,
			);
			buildRules = (
			);
			dependencies = (
				C5BD2E2A2220E127008AEB23 /* PBXTargetDependency */,
			);
			name = WebViewTestTests;
			productName = WebViewTestTests;
			productReference = C5BD2E282220E127008AEB23 /* WebViewTestTests.xctest */;
			productType = "com.apple.product-type.bundle.unit-test";
		};
		C5BD2E322220E128008AEB23 /* WebViewTestUITests */ = {
			isa = PBXNativeTarget;
			buildConfigurationList = C5BD2E422220E128008AEB23 /* Build configuration list for PBXNativeTarget "WebViewTestUITests" */;
			buildPhases = (
				C5BD2E2F2220E128008AEB23 /* Sources */,
				C5BD2E302220E128008AEB23 /* Frameworks */,
				C5BD2E312220E128008AEB23 /* Resources */,
			);
			buildRules = (
			);
			dependencies = (
				C5BD2E352220E128008AEB23 /* PBXTargetDependency */,
			);
			name = WebViewTestUITests;
			productName = WebViewTestUITests;
			productReference = C5BD2E332220E128008AEB23 /* WebViewTestUITests.xctest */;
			productType = "com.apple.product-type.bundle.ui-testing";
		};
/* End PBXNativeTarget section */

/* Begin PBXProject section */
		C5BD2E0C2220E126008AEB23 /* Project object */ = {
			isa = PBXProject;
			attributes = {
				LastSwiftUpdateCheck = 1010;
				LastUpgradeCheck = 1010;
				ORGANIZATIONNAME = "永見彰宏";
				TargetAttributes = {
					C5BD2E132220E126008AEB23 = {
						CreatedOnToolsVersion = 10.1;
					};
					C5BD2E272220E127008AEB23 = {
						CreatedOnToolsVersion = 10.1;
						TestTargetID = C5BD2E132220E126008AEB23;
					};
					C5BD2E322220E128008AEB23 = {
						CreatedOnToolsVersion = 10.1;
						TestTargetID = C5BD2E132220E126008AEB23;
					};
				};
			};
			buildConfigurationList = C5BD2E0F2220E126008AEB23 /* Build configuration list for PBXProject "WebViewTest" */;
			compatibilityVersion = "Xcode 9.3";
			developmentRegion = en;
			hasScannedForEncodings = 0;
			knownRegions = (
				en,
				Base,
			);
			mainGroup = C5BD2E0B2220E126008AEB23;
			productRefGroup = C5BD2E152220E126008AEB23 /* Products */;
			projectDirPath = "";
			projectRoot = "";
			targets = (
				C5BD2E132220E126008AEB23 /* WebViewTest */,
				C5BD2E272220E127008AEB23 /* WebViewTestTests */,
				C5BD2E322220E128008AEB23 /* WebViewTestUITests */,
			);
		};
/* End PBXProject section */

/* Begin PBXResourcesBuildPhase section */
		C5BD2E122220E126008AEB23 /* Resources */ = {
			isa = PBXResourcesBuildPhase;
			buildActionMask = 2147483647;
			files = (
				C5BD2E222220E127008AEB23 /* LaunchScreen.storyboard in Resources */,
				C5BD2E1F2220E127008AEB23 /* Assets.xcassets in Resources */,
				C5BD2E1D2220E126008AEB23 /* Main.storyboard in Resources */,
			);
			runOnlyForDeploymentPostprocessing = 0;
		};
		C5BD2E262220E127008AEB23 /* Resources */ = {
			isa = PBXResourcesBuildPhase;
			buildActionMask = 2147483647;
			files = (
			);
			runOnlyForDeploymentPostprocessing = 0;
		};
		C5BD2E312220E128008AEB23 /* Resources */ = {
			isa = PBXResourcesBuildPhase;
			buildActionMask = 2147483647;
			files = (
			);
			runOnlyForDeploymentPostprocessing = 0;
		};
/* End PBXResourcesBuildPhase section */

/* Begin PBXSourcesBuildPhase section */
		C5BD2E102220E126008AEB23 /* Sources */ = {
			isa = PBXSourcesBuildPhase;
			buildActionMask = 2147483647;
			files = (
				C5BD2E1A2220E126008AEB23 /* ViewController.swift in Sources */,
				C5BD2E182220E126008AEB23 /* AppDelegate.swift in Sources */,
			);
			runOnlyForDeploymentPostprocessing = 0;
		};
		C5BD2E242220E127008AEB23 /* Sources */ = {
			isa = PBXSourcesBuildPhase;
			buildActionMask = 2147483647;
			files = (
				C5BD2E2D2220E127008AEB23 /* WebViewTestTests.swift in Sources */,
			);
			runOnlyForDeploymentPostprocessing = 0;
		};
		C5BD2E2F2220E128008AEB23 /* Sources */ = {
			isa = PBXSourcesBuildPhase;
			buildActionMask = 2147483647;
			files = (
				C5BD2E382220E128008AEB23 /* WebViewTestUITests.swift in Sources */,
			);
			runOnlyForDeploymentPostprocessing = 0;
		};
/* End PBXSourcesBuildPhase section */

/* Begin PBXTargetDependency section */
		C5BD2E2A2220E127008AEB23 /* PBXTargetDependency */ = {
			isa = PBXTargetDependency;
			target = C5BD2E132220E126008AEB23 /* WebViewTest */;
			targetProxy = C5BD2E292220E127008AEB23 /* PBXContainerItemProxy */;
		};
		C5BD2E352220E128008AEB23 /* PBXTargetDependency */ = {
			isa = PBXTargetDependency;
			target = C5BD2E132220E126008AEB23 /* WebViewTest */;
			targetProxy = C5BD2E342220E128008AEB23 /* PBXContainerItemProxy */;
		};
/* End PBXTargetDependency section */

/* Begin PBXVariantGroup section */
		C5BD2E1B2220E126008AEB23 /* Main.storyboard */ = {
			isa = PBXVariantGroup;
			children = (
				C5BD2E1C2220E126008AEB23 /* Base */,
			);
			name = Main.storyboard;
			sourceTree = "<group>";
		};
		C5BD2E202220E127008AEB23 /* LaunchScreen.storyboard */ = {
			isa = PBXVariantGroup;
			children = (
				C5BD2E212220E127008AEB23 /* Base */,
			);
			name = LaunchScreen.storyboard;
			sourceTree = "<group>";
		};
/* End PBXVariantGroup section */

/* Begin XCBuildConfiguration section */
		C5BD2E3A2220E128008AEB23 /* Debug */ = {
			isa = XCBuildConfiguration;
			buildSettings = {
				ALWAYS_SEARCH_USER_PATHS = NO;
				CLANG_ANALYZER_NONNULL = YES;
				CLANG_ANALYZER_NUMBER_OBJECT_CONVERSION = YES_AGGRESSIVE;
				CLANG_CXX_LANGUAGE_STANDARD = "gnu++14";
				CLANG_CXX_LIBRARY = "libc++";
				CLANG_ENABLE_MODULES = YES;
				CLANG_ENABLE_OBJC_ARC = YES;
				CLANG_ENABLE_OBJC_WEAK = YES;
				CLANG_WARN_BLOCK_CAPTURE_AUTORELEASING = YES;
				CLANG_WARN_BOOL_CONVERSION = YES;
				CLANG_WARN_COMMA = YES;
				CLANG_WARN_CONSTANT_CONVERSION = YES;
				CLANG_WARN_DEPRECATED_OBJC_IMPLEMENTATIONS = YES;
				CLANG_WARN_DIRECT_OBJC_ISA_USAGE = YES_ERROR;
				CLANG_WARN_DOCUMENTATION_COMMENTS = YES;
				CLANG_WARN_EMPTY_BODY = YES;
				CLANG_WARN_ENUM_CONVERSION = YES;
				CLANG_WARN_INFINITE_RECURSION = YES;
				CLANG_WARN_INT_CONVERSION = YES;
				CLANG_WARN_NON_LITERAL_NULL_CONVERSION = YES;
				CLANG_WARN_OBJC_IMPLICIT_RETAIN_SELF = YES;
				CLANG_WARN_OBJC_LITERAL_CONVERSION = YES;
				CLANG_WARN_OBJC_ROOT_CLASS = YES_ERROR;
				CLANG_WARN_RANGE_LOOP_ANALYSIS = YES;
				CLANG_WARN_STRICT_PROTOTYPES = YES;
				CLANG_WARN_SUSPICIOUS_MOVE = YES;
				CLANG_WARN_UNGUARDED_AVAILABILITY = YES_AGGRESSIVE;
				CLANG_WARN_UNREACHABLE_CODE = YES;
				CLANG_WARN__DUPLICATE_METHOD_MATCH = YES;
				CODE_SIGN_IDENTITY = "iPhone Developer";
				COPY_PHASE_STRIP = NO;
				DEBUG_INFORMATION_FORMAT = dwarf;
				ENABLE_STRICT_OBJC_MSGSEND = YES;
				ENABLE_TESTABILITY = YES;
				GCC_C_LANGUAGE_STANDARD = gnu11;
				GCC_DYNAMIC_NO_PIC = NO;
				GCC_NO_COMMON_BLOCKS = YES;
				GCC_OPTIMIZATION_LEVEL = 0;
				GCC_PREPROCESSOR_DEFINITIONS = (
					"DEBUG=1",
					"$(inherited)",
				);
				GCC_WARN_64_TO_32_BIT_CONVERSION = YES;
				GCC_WARN_ABOUT_RETURN_TYPE = YES_ERROR;
				GCC_WARN_UNDECLARED_SELECTOR = YES;
				GCC_WARN_UNINITIALIZED_AUTOS = YES_AGGRESSIVE;
				GCC_WARN_UNUSED_FUNCTION = YES;
				GCC_WARN_UNUSED_VARIABLE = YES;
				IPHONEOS_DEPLOYMENT_TARGET = 12.1;
				MTL_ENABLE_DEBUG_INFO = INCLUDE_SOURCE;
				MTL_FAST_MATH = YES;
				ONLY_ACTIVE_ARCH = YES;
				SDKROOT = iphoneos;
				SWIFT_ACTIVE_COMPILATION_CONDITIONS = DEBUG;
				SWIFT_OPTIMIZATION_LEVEL = "-Onone";
			};
			name = Debug;
		};
		C5BD2E3B2220E128008AEB23 /* Release */ = {
			isa = XCBuildConfiguration;
			buildSettings = {
				ALWAYS_SEARCH_USER_PATHS = NO;
				CLANG_ANALYZER_NONNULL = YES;
				CLANG_ANALYZER_NUMBER_OBJECT_CONVERSION = YES_AGGRESSIVE;
				CLANG_CXX_LANGUAGE_STANDARD = "gnu++14";
				CLANG_CXX_LIBRARY = "libc++";
				CLANG_ENABLE_MODULES = YES;
				CLANG_ENABLE_OBJC_ARC = YES;
				CLANG_ENABLE_OBJC_WEAK = YES;
				CLANG_WARN_BLOCK_CAPTURE_AUTORELEASING = YES;
				CLANG_WARN_BOOL_CONVERSION = YES;
				CLANG_WARN_COMMA = YES;
				CLANG_WARN_CONSTANT_CONVERSION = YES;
				CLANG_WARN_DEPRECATED_OBJC_IMPLEMENTATIONS = YES;
				CLANG_WARN_DIRECT_OBJC_ISA_USAGE = YES_ERROR;
				CLANG_WARN_DOCUMENTATION_COMMENTS = YES;
				CLANG_WARN_EMPTY_BODY = YES;
				CLANG_WARN_ENUM_CONVERSION = YES;
				CLANG_WARN_INFINITE_RECURSION = YES;
				CLANG_WARN_INT_CONVERSION = YES;
				CLANG_WARN_NON_LITERAL_NULL_CONVERSION = YES;
				CLANG_WARN_OBJC_IMPLICIT_RETAIN_SELF = YES;
				CLANG_WARN_OBJC_LITERAL_CONVERSION = YES;
				CLANG_WARN_OBJC_ROOT_CLASS = YES_ERROR;
				CLANG_WARN_RANGE_LOOP_ANALYSIS = YES;
				CLANG_WARN_STRICT_PROTOTYPES = YES;
				CLANG_WARN_SUSPICIOUS_MOVE = YES;
				CLANG_WARN_UNGUARDED_AVAILABILITY = YES_AGGRESSIVE;
				CLANG_WARN_UNREACHABLE_CODE = YES;
				CLANG_WARN__DUPLICATE_METHOD_MATCH = YES;
				CODE_SIGN_IDENTITY = "iPhone Developer";
				COPY_PHASE_STRIP = NO;
				DEBUG_INFORMATION_FORMAT = "dwarf-with-dsym";
				ENABLE_NS_ASSERTIONS = NO;
				ENABLE_STRICT_OBJC_MSGSEND = YES;
				GCC_C_LANGUAGE_STANDARD = gnu11;
				GCC_NO_COMMON_BLOCKS = YES;
				GCC_WARN_64_TO_32_BIT_CONVERSION = YES;
				GCC_WARN_ABOUT_RETURN_TYPE = YES_ERROR;
				GCC_WARN_UNDECLARED_SELECTOR = YES;
				GCC_WARN_UNINITIALIZED_AUTOS = YES_AGGRESSIVE;
				GCC_WARN_UNUSED_FUNCTION = YES;
				GCC_WARN_UNUSED_VARIABLE = YES;
				IPHONEOS_DEPLOYMENT_TARGET = 12.1;
				MTL_ENABLE_DEBUG_INFO = NO;
				MTL_FAST_MATH = YES;
				SDKROOT = iphoneos;
				SWIFT_COMPILATION_MODE = wholemodule;
				SWIFT_OPTIMIZATION_LEVEL = "-O";
				VALIDATE_PRODUCT = YES;
			};
			name = Release;
		};
		C5BD2E3D2220E128008AEB23 /* Debug */ = {
			isa = XCBuildConfiguration;
			buildSettings = {
				ASSETCATALOG_COMPILER_APPICON_NAME = AppIcon;
				CODE_SIGN_STYLE = Automatic;
				INFOPLIST_FILE = WebViewTest/Info.plist;
				LD_RUNPATH_SEARCH_PATHS = (
					"$(inherited)",
					"@executable_path/Frameworks",
				);
				PRODUCT_BUNDLE_IDENTIFIER = aki.WebViewTest;
				PRODUCT_NAME = "$(TARGET_NAME)";
				SWIFT_VERSION = 4.2;
				TARGETED_DEVICE_FAMILY = "1,2";
			};
			name = Debug;
		};
		C5BD2E3E2220E128008AEB23 /* Release */ = {
			isa = XCBuildConfiguration;
			buildSettings = {
				ASSETCATALOG_COMPILER_APPICON_NAME = AppIcon;
				CODE_SIGN_STYLE = Automatic;
				INFOPLIST_FILE = WebViewTest/Info.plist;
				LD_RUNPATH_SEARCH_PATHS = (
					"$(inherited)",
					"@executable_path/Frameworks",
				);
				PRODUCT_BUNDLE_IDENTIFIER = aki.WebViewTest;
				PRODUCT_NAME = "$(TARGET_NAME)";
				SWIFT_VERSION = 4.2;
				TARGETED_DEVICE_FAMILY = "1,2";
			};
			name = Release;
		};
		C5BD2E402220E128008AEB23 /* Debug */ = {
			isa = XCBuildConfiguration;
			buildSettings = {
				ALWAYS_EMBED_SWIFT_STANDARD_LIBRARIES = YES;
				BUNDLE_LOADER = "$(TEST_HOST)";
				CODE_SIGN_STYLE = Automatic;
				INFOPLIST_FILE = WebViewTestTests/Info.plist;
				LD_RUNPATH_SEARCH_PATHS = (
					"$(inherited)",
					"@executable_path/Frameworks",
					"@loader_path/Frameworks",
				);
				PRODUCT_BUNDLE_IDENTIFIER = aki.WebViewTestTests;
				PRODUCT_NAME = "$(TARGET_NAME)";
				SWIFT_VERSION = 4.2;
				TARGETED_DEVICE_FAMILY = "1,2";
				TEST_HOST = "$(BUILT_PRODUCTS_DIR)/WebViewTest.app/WebViewTest";
			};
			name = Debug;
		};
		C5BD2E412220E128008AEB23 /* Release */ = {
			isa = XCBuildConfiguration;
			buildSettings = {
				ALWAYS_EMBED_SWIFT_STANDARD_LIBRARIES = YES;
				BUNDLE_LOADER = "$(TEST_HOST)";
				CODE_SIGN_STYLE = Automatic;
				INFOPLIST_FILE = WebViewTestTests/Info.plist;
				LD_RUNPATH_SEARCH_PATHS = (
					"$(inherited)",
					"@executable_path/Frameworks",
					"@loader_path/Frameworks",
				);
				PRODUCT_BUNDLE_IDENTIFIER = aki.WebViewTestTests;
				PRODUCT_NAME = "$(TARGET_NAME)";
				SWIFT_VERSION = 4.2;
				TARGETED_DEVICE_FAMILY = "1,2";
				TEST_HOST = "$(BUILT_PRODUCTS_DIR)/WebViewTest.app/WebViewTest";
			};
			name = Release;
		};
		C5BD2E432220E128008AEB23 /* Debug */ = {
			isa = XCBuildConfiguration;
			buildSettings = {
				ALWAYS_EMBED_SWIFT_STANDARD_LIBRARIES = YES;
				CODE_SIGN_STYLE = Automatic;
				INFOPLIST_FILE = WebViewTestUITests/Info.plist;
				LD_RUNPATH_SEARCH_PATHS = (
					"$(inherited)",
					"@executable_path/Frameworks",
					"@loader_path/Frameworks",
				);
				PRODUCT_BUNDLE_IDENTIFIER = aki.WebViewTestUITests;
				PRODUCT_NAME = "$(TARGET_NAME)";
				SWIFT_VERSION = 4.2;
				TARGETED_DEVICE_FAMILY = "1,2";
				TEST_TARGET_NAME = WebViewTest;
			};
			name = Debug;
		};
		C5BD2E442220E128008AEB23 /* Release */ = {
			isa = XCBuildConfiguration;
			buildSettings = {
				ALWAYS_EMBED_SWIFT_STANDARD_LIBRARIES = YES;
				CODE_SIGN_STYLE = Automatic;
				INFOPLIST_FILE = WebViewTestUITests/Info.plist;
				LD_RUNPATH_SEARCH_PATHS = (
					"$(inherited)",
					"@executable_path/Frameworks",
					"@loader_path/Frameworks",
				);
				PRODUCT_BUNDLE_IDENTIFIER = aki.WebViewTestUITests;
				PRODUCT_NAME = "$(TARGET_NAME)";
				SWIFT_VERSION = 4.2;
				TARGETED_DEVICE_FAMILY = "1,2";
				TEST_TARGET_NAME = WebViewTest;
			};
			name = Release;
		};
/* End XCBuildConfiguration section */

/* Begin XCConfigurationList section */
		C5BD2E0F2220E126008AEB23 /* Build configuration list for PBXProject "WebViewTest" */ = {
			isa = XCConfigurationList;
			buildConfigurations = (
				C5BD2E3A2220E128008AEB23 /* Debug */,
				C5BD2E3B2220E128008AEB23 /* Release */,
			);
			defaultConfigurationIsVisible = 0;
			defaultConfigurationName = Release;
		};
		C5BD2E3C2220E128008AEB23 /* Build configuration list for PBXNativeTarget "WebViewTest" */ = {
			isa = XCConfigurationList;
			buildConfigurations = (
				C5BD2E3D2220E128008AEB23 /* Debug */,
				C5BD2E3E2220E128008AEB23 /* Release */,
			);
			defaultConfigurationIsVisible = 0;
			defaultConfigurationName = Release;
		};
		C5BD2E3F2220E128008AEB23 /* Build configuration list for PBXNativeTarget "WebViewTestTests" */ = {
			isa = XCConfigurationList;
			buildConfigurations = (
				C5BD2E402220E128008AEB23 /* Debug */,
				C5BD2E412220E128008AEB23 /* Release */,
			);
			defaultConfigurationIsVisible = 0;
			defaultConfigurationName = Release;
		};
		C5BD2E422220E128008AEB23 /* Build configuration list for PBXNativeTarget "WebViewTestUITests" */ = {
			isa = XCConfigurationList;
			buildConfigurations = (
				C5BD2E432220E128008AEB23 /* Debug */,
				C5BD2E442220E128008AEB23 /* Release */,
			);
			defaultConfigurationIsVisible = 0;
			defaultConfigurationName = Release;
		};
/* End XCConfigurationList section */
	};
	rootObject = C5BD2E0C2220E126008AEB23 /* Project object */;
}
